{
	"name": "rem-fit",
	"version": "1.6.1",
	"lockfileVersion": 1,
	"requires": true,
	"dependencies": {
		"@babel/parser": {
			"version": "7.22.4",
			"resolved": "https://registry.npmmirror.com/@babel/parser/-/parser-7.22.4.tgz",
			"integrity": "sha512-VLLsx06XkEYqBtE5YGPwfSGwfrjnyPP5oiGty3S8pQLFDFLaS8VwWSIxkTXpcvr5zeYLE6+MBNl2npl/YnfofA=="
		},
		"@esbuild/android-arm": {
			"version": "0.17.19",
			"resolved": "https://registry.npmmirror.com/@esbuild/android-arm/-/android-arm-0.17.19.tgz",
			"integrity": "sha512-rIKddzqhmav7MSmoFCmDIb6e2W57geRsM94gV2l38fzhXMwq7hZoClug9USI2pFRGL06f4IOPHHpFNOkWieR8A==",
			"dev": true,
			"optional": true
		},
		"@esbuild/android-arm64": {
			"version": "0.17.19",
			"resolved": "https://registry.npmmirror.com/@esbuild/android-arm64/-/android-arm64-0.17.19.tgz",
			"integrity": "sha512-KBMWvEZooR7+kzY0BtbTQn0OAYY7CsiydT63pVEaPtVYF0hXbUaOyZog37DKxK7NF3XacBJOpYT4adIJh+avxA==",
			"dev": true,
			"optional": true
		},
		"@esbuild/android-x64": {
			"version": "0.17.19",
			"resolved": "https://registry.npmmirror.com/@esbuild/android-x64/-/android-x64-0.17.19.tgz",
			"integrity": "sha512-uUTTc4xGNDT7YSArp/zbtmbhO0uEEK9/ETW29Wk1thYUJBz3IVnvgEiEwEa9IeLyvnpKrWK64Utw2bgUmDveww==",
			"dev": true,
			"optional": true
		},
		"@esbuild/darwin-arm64": {
			"version": "0.17.19",
			"resolved": "https://registry.npmmirror.com/@esbuild/darwin-arm64/-/darwin-arm64-0.17.19.tgz",
			"integrity": "sha512-80wEoCfF/hFKM6WE1FyBHc9SfUblloAWx6FJkFWTWiCoht9Mc0ARGEM47e67W9rI09YoUxJL68WHfDRYEAvOhg==",
			"dev": true,
			"optional": true
		},
		"@esbuild/darwin-x64": {
			"version": "0.17.19",
			"resolved": "https://registry.npmmirror.com/@esbuild/darwin-x64/-/darwin-x64-0.17.19.tgz",
			"integrity": "sha512-IJM4JJsLhRYr9xdtLytPLSH9k/oxR3boaUIYiHkAawtwNOXKE8KoU8tMvryogdcT8AU+Bflmh81Xn6Q0vTZbQw==",
			"dev": true,
			"optional": true
		},
		"@esbuild/freebsd-arm64": {
			"version": "0.17.19",
			"resolved": "https://registry.npmmirror.com/@esbuild/freebsd-arm64/-/freebsd-arm64-0.17.19.tgz",
			"integrity": "sha512-pBwbc7DufluUeGdjSU5Si+P3SoMF5DQ/F/UmTSb8HXO80ZEAJmrykPyzo1IfNbAoaqw48YRpv8shwd1NoI0jcQ==",
			"dev": true,
			"optional": true
		},
		"@esbuild/freebsd-x64": {
			"version": "0.17.19",
			"resolved": "https://registry.npmmirror.com/@esbuild/freebsd-x64/-/freebsd-x64-0.17.19.tgz",
			"integrity": "sha512-4lu+n8Wk0XlajEhbEffdy2xy53dpR06SlzvhGByyg36qJw6Kpfk7cp45DR/62aPH9mtJRmIyrXAS5UWBrJT6TQ==",
			"dev": true,
			"optional": true
		},
		"@esbuild/linux-arm": {
			"version": "0.17.19",
			"resolved": "https://registry.npmmirror.com/@esbuild/linux-arm/-/linux-arm-0.17.19.tgz",
			"integrity": "sha512-cdmT3KxjlOQ/gZ2cjfrQOtmhG4HJs6hhvm3mWSRDPtZ/lP5oe8FWceS10JaSJC13GBd4eH/haHnqf7hhGNLerA==",
			"dev": true,
			"optional": true
		},
		"@esbuild/linux-arm64": {
			"version": "0.17.19",
			"resolved": "https://registry.npmmirror.com/@esbuild/linux-arm64/-/linux-arm64-0.17.19.tgz",
			"integrity": "sha512-ct1Tg3WGwd3P+oZYqic+YZF4snNl2bsnMKRkb3ozHmnM0dGWuxcPTTntAF6bOP0Sp4x0PjSF+4uHQ1xvxfRKqg==",
			"dev": true,
			"optional": true
		},
		"@esbuild/linux-ia32": {
			"version": "0.17.19",
			"resolved": "https://registry.npmmirror.com/@esbuild/linux-ia32/-/linux-ia32-0.17.19.tgz",
			"integrity": "sha512-w4IRhSy1VbsNxHRQpeGCHEmibqdTUx61Vc38APcsRbuVgK0OPEnQ0YD39Brymn96mOx48Y2laBQGqgZ0j9w6SQ==",
			"dev": true,
			"optional": true
		},
		"@esbuild/linux-loong64": {
			"version": "0.17.19",
			"resolved": "https://registry.npmmirror.com/@esbuild/linux-loong64/-/linux-loong64-0.17.19.tgz",
			"integrity": "sha512-2iAngUbBPMq439a+z//gE+9WBldoMp1s5GWsUSgqHLzLJ9WoZLZhpwWuym0u0u/4XmZ3gpHmzV84PonE+9IIdQ==",
			"dev": true,
			"optional": true
		},
		"@esbuild/linux-mips64el": {
			"version": "0.17.19",
			"resolved": "https://registry.npmmirror.com/@esbuild/linux-mips64el/-/linux-mips64el-0.17.19.tgz",
			"integrity": "sha512-LKJltc4LVdMKHsrFe4MGNPp0hqDFA1Wpt3jE1gEyM3nKUvOiO//9PheZZHfYRfYl6AwdTH4aTcXSqBerX0ml4A==",
			"dev": true,
			"optional": true
		},
		"@esbuild/linux-ppc64": {
			"version": "0.17.19",
			"resolved": "https://registry.npmmirror.com/@esbuild/linux-ppc64/-/linux-ppc64-0.17.19.tgz",
			"integrity": "sha512-/c/DGybs95WXNS8y3Ti/ytqETiW7EU44MEKuCAcpPto3YjQbyK3IQVKfF6nbghD7EcLUGl0NbiL5Rt5DMhn5tg==",
			"dev": true,
			"optional": true
		},
		"@esbuild/linux-riscv64": {
			"version": "0.17.19",
			"resolved": "https://registry.npmmirror.com/@esbuild/linux-riscv64/-/linux-riscv64-0.17.19.tgz",
			"integrity": "sha512-FC3nUAWhvFoutlhAkgHf8f5HwFWUL6bYdvLc/TTuxKlvLi3+pPzdZiFKSWz/PF30TB1K19SuCxDTI5KcqASJqA==",
			"dev": true,
			"optional": true
		},
		"@esbuild/linux-s390x": {
			"version": "0.17.19",
			"resolved": "https://registry.npmmirror.com/@esbuild/linux-s390x/-/linux-s390x-0.17.19.tgz",
			"integrity": "sha512-IbFsFbxMWLuKEbH+7sTkKzL6NJmG2vRyy6K7JJo55w+8xDk7RElYn6xvXtDW8HCfoKBFK69f3pgBJSUSQPr+4Q==",
			"dev": true,
			"optional": true
		},
		"@esbuild/linux-x64": {
			"version": "0.17.19",
			"resolved": "https://registry.npmmirror.com/@esbuild/linux-x64/-/linux-x64-0.17.19.tgz",
			"integrity": "sha512-68ngA9lg2H6zkZcyp22tsVt38mlhWde8l3eJLWkyLrp4HwMUr3c1s/M2t7+kHIhvMjglIBrFpncX1SzMckomGw==",
			"dev": true,
			"optional": true
		},
		"@esbuild/netbsd-x64": {
			"version": "0.17.19",
			"resolved": "https://registry.npmmirror.com/@esbuild/netbsd-x64/-/netbsd-x64-0.17.19.tgz",
			"integrity": "sha512-CwFq42rXCR8TYIjIfpXCbRX0rp1jo6cPIUPSaWwzbVI4aOfX96OXY8M6KNmtPcg7QjYeDmN+DD0Wp3LaBOLf4Q==",
			"dev": true,
			"optional": true
		},
		"@esbuild/openbsd-x64": {
			"version": "0.17.19",
			"resolved": "https://registry.npmmirror.com/@esbuild/openbsd-x64/-/openbsd-x64-0.17.19.tgz",
			"integrity": "sha512-cnq5brJYrSZ2CF6c35eCmviIN3k3RczmHz8eYaVlNasVqsNY+JKohZU5MKmaOI+KkllCdzOKKdPs762VCPC20g==",
			"dev": true,
			"optional": true
		},
		"@esbuild/sunos-x64": {
			"version": "0.17.19",
			"resolved": "https://registry.npmmirror.com/@esbuild/sunos-x64/-/sunos-x64-0.17.19.tgz",
			"integrity": "sha512-vCRT7yP3zX+bKWFeP/zdS6SqdWB8OIpaRq/mbXQxTGHnIxspRtigpkUcDMlSCOejlHowLqII7K2JKevwyRP2rg==",
			"dev": true,
			"optional": true
		},
		"@esbuild/win32-arm64": {
			"version": "0.17.19",
			"resolved": "https://registry.npmmirror.com/@esbuild/win32-arm64/-/win32-arm64-0.17.19.tgz",
			"integrity": "sha512-yYx+8jwowUstVdorcMdNlzklLYhPxjniHWFKgRqH7IFlUEa0Umu3KuYplf1HUZZ422e3NU9F4LGb+4O0Kdcaag==",
			"dev": true,
			"optional": true
		},
		"@esbuild/win32-ia32": {
			"version": "0.17.19",
			"resolved": "https://registry.npmmirror.com/@esbuild/win32-ia32/-/win32-ia32-0.17.19.tgz",
			"integrity": "sha512-eggDKanJszUtCdlVs0RB+h35wNlb5v4TWEkq4vZcmVt5u/HiDZrTXe2bWFQUez3RgNHwx/x4sk5++4NSSicKkw==",
			"dev": true,
			"optional": true
		},
		"@esbuild/win32-x64": {
			"version": "0.17.19",
			"resolved": "https://registry.npmmirror.com/@esbuild/win32-x64/-/win32-x64-0.17.19.tgz",
			"integrity": "sha512-lAhycmKnVOuRYNtRtatQR1LPQf2oYCkRGkSFnseDAKPl8lu5SOsK/e1sXe5a0Pc5kHIHe6P2I/ilntNv2xf3cA==",
			"dev": true,
			"optional": true
		},
		"@jridgewell/gen-mapping": {
			"version": "0.3.3",
			"resolved": "https://registry.npmmirror.com/@jridgewell/gen-mapping/-/gen-mapping-0.3.3.tgz",
			"integrity": "sha512-HLhSWOLRi875zjjMG/r+Nv0oCW8umGb0BgEhyX3dDX3egwZtB8PqLnjz3yedt8R5StBrzcg4aBpnh8UA9D1BoQ==",
			"dev": true,
			"requires": {
				"@jridgewell/set-array": "^1.0.1",
				"@jridgewell/sourcemap-codec": "^1.4.10",
				"@jridgewell/trace-mapping": "^0.3.9"
			}
		},
		"@jridgewell/resolve-uri": {
			"version": "3.1.0",
			"resolved": "https://registry.npmmirror.com/@jridgewell/resolve-uri/-/resolve-uri-3.1.0.tgz",
			"integrity": "sha512-F2msla3tad+Mfht5cJq7LSXcdudKTWCVYUgw6pLFOOHSTtZlj6SWNYAp+AhuqLmWdBO2X5hPrLcu8cVP8fy28w==",
			"dev": true
		},
		"@jridgewell/set-array": {
			"version": "1.1.2",
			"resolved": "https://registry.npmmirror.com/@jridgewell/set-array/-/set-array-1.1.2.tgz",
			"integrity": "sha512-xnkseuNADM0gt2bs+BvhO0p78Mk762YnZdsuzFV018NoG1Sj1SCQvpSqa7XUaTam5vAGasABV9qXASMKnFMwMw==",
			"dev": true
		},
		"@jridgewell/source-map": {
			"version": "0.3.3",
			"resolved": "https://registry.npmmirror.com/@jridgewell/source-map/-/source-map-0.3.3.tgz",
			"integrity": "sha512-b+fsZXeLYi9fEULmfBrhxn4IrPlINf8fiNarzTof004v3lFdntdwa9PF7vFJqm3mg7s+ScJMxXaE3Acp1irZcg==",
			"dev": true,
			"requires": {
				"@jridgewell/gen-mapping": "^0.3.0",
				"@jridgewell/trace-mapping": "^0.3.9"
			}
		},
		"@jridgewell/sourcemap-codec": {
			"version": "1.4.15",
			"resolved": "https://registry.npmmirror.com/@jridgewell/sourcemap-codec/-/sourcemap-codec-1.4.15.tgz",
			"integrity": "sha512-eF2rxCRulEKXHTRiDrDy6erMYWqNw4LPdQ8UQA4huuxaQsVeRPFl2oM8oDGxMFhJUWZf9McpLtJasDDZb/Bpeg=="
		},
		"@jridgewell/trace-mapping": {
			"version": "0.3.18",
			"resolved": "https://registry.npmmirror.com/@jridgewell/trace-mapping/-/trace-mapping-0.3.18.tgz",
			"integrity": "sha512-w+niJYzMHdd7USdiH2U6869nqhD2nbfZXND5Yp93qIbEmnDNk7PD48o+YchRVpzMU7M6jVCbenTR7PA1FLQ9pA==",
			"dev": true,
			"requires": {
				"@jridgewell/resolve-uri": "3.1.0",
				"@jridgewell/sourcemap-codec": "1.4.14"
			},
			"dependencies": {
				"@jridgewell/sourcemap-codec": {
					"version": "1.4.14",
					"resolved": "https://registry.npmmirror.com/@jridgewell/sourcemap-codec/-/sourcemap-codec-1.4.14.tgz",
					"integrity": "sha512-XPSJHWmi394fuUuzDnGz1wiKqWfo1yXecHQMRf2l6hztTO+nPru658AyDngaBe7isIxEkRsPR3FZh+s7iVa4Uw==",
					"dev": true
				}
			}
		},
		"@vitejs/plugin-vue": {
			"version": "4.2.3",
			"resolved": "https://registry.npmmirror.com/@vitejs/plugin-vue/-/plugin-vue-4.2.3.tgz",
			"integrity": "sha512-R6JDUfiZbJA9cMiguQ7jxALsgiprjBeHL5ikpXfJCH62pPHtI+JdJ5xWj6Ev73yXSlYl86+blXn1kZHQ7uElxw==",
			"dev": true
		},
		"@vue/compiler-core": {
			"version": "3.3.4",
			"resolved": "https://registry.npmmirror.com/@vue/compiler-core/-/compiler-core-3.3.4.tgz",
			"integrity": "sha512-cquyDNvZ6jTbf/+x+AgM2Arrp6G4Dzbb0R64jiG804HRMfRiFXWI6kqUVqZ6ZR0bQhIoQjB4+2bhNtVwndW15g==",
			"requires": {
				"@babel/parser": "^7.21.3",
				"@vue/shared": "3.3.4",
				"estree-walker": "^2.0.2",
				"source-map-js": "^1.0.2"
			}
		},
		"@vue/compiler-dom": {
			"version": "3.3.4",
			"resolved": "https://registry.npmmirror.com/@vue/compiler-dom/-/compiler-dom-3.3.4.tgz",
			"integrity": "sha512-wyM+OjOVpuUukIq6p5+nwHYtj9cFroz9cwkfmP9O1nzH68BenTTv0u7/ndggT8cIQlnBeOo6sUT/gvHcIkLA5w==",
			"requires": {
				"@vue/compiler-core": "3.3.4",
				"@vue/shared": "3.3.4"
			}
		},
		"@vue/compiler-sfc": {
			"version": "3.3.4",
			"resolved": "https://registry.npmmirror.com/@vue/compiler-sfc/-/compiler-sfc-3.3.4.tgz",
			"integrity": "sha512-6y/d8uw+5TkCuzBkgLS0v3lSM3hJDntFEiUORM11pQ/hKvkhSKZrXW6i69UyXlJQisJxuUEJKAWEqWbWsLeNKQ==",
			"requires": {
				"@babel/parser": "^7.20.15",
				"@vue/compiler-core": "3.3.4",
				"@vue/compiler-dom": "3.3.4",
				"@vue/compiler-ssr": "3.3.4",
				"@vue/reactivity-transform": "3.3.4",
				"@vue/shared": "3.3.4",
				"estree-walker": "^2.0.2",
				"magic-string": "^0.30.0",
				"postcss": "^8.1.10",
				"source-map-js": "^1.0.2"
			}
		},
		"@vue/compiler-ssr": {
			"version": "3.3.4",
			"resolved": "https://registry.npmmirror.com/@vue/compiler-ssr/-/compiler-ssr-3.3.4.tgz",
			"integrity": "sha512-m0v6oKpup2nMSehwA6Uuu+j+wEwcy7QmwMkVNVfrV9P2qE5KshC6RwOCq8fjGS/Eak/uNb8AaWekfiXxbBB6gQ==",
			"requires": {
				"@vue/compiler-dom": "3.3.4",
				"@vue/shared": "3.3.4"
			}
		},
		"@vue/reactivity": {
			"version": "3.3.4",
			"resolved": "https://registry.npmmirror.com/@vue/reactivity/-/reactivity-3.3.4.tgz",
			"integrity": "sha512-kLTDLwd0B1jG08NBF3R5rqULtv/f8x3rOFByTDz4J53ttIQEDmALqKqXY0J+XQeN0aV2FBxY8nJDf88yvOPAqQ==",
			"requires": {
				"@vue/shared": "3.3.4"
			}
		},
		"@vue/reactivity-transform": {
			"version": "3.3.4",
			"resolved": "https://registry.npmmirror.com/@vue/reactivity-transform/-/reactivity-transform-3.3.4.tgz",
			"integrity": "sha512-MXgwjako4nu5WFLAjpBnCj/ieqcjE2aJBINUNQzkZQfzIZA4xn+0fV1tIYBJvvva3N3OvKGofRLvQIwEQPpaXw==",
			"requires": {
				"@babel/parser": "^7.20.15",
				"@vue/compiler-core": "3.3.4",
				"@vue/shared": "3.3.4",
				"estree-walker": "^2.0.2",
				"magic-string": "^0.30.0"
			}
		},
		"@vue/runtime-core": {
			"version": "3.3.4",
			"resolved": "https://registry.npmmirror.com/@vue/runtime-core/-/runtime-core-3.3.4.tgz",
			"integrity": "sha512-R+bqxMN6pWO7zGI4OMlmvePOdP2c93GsHFM/siJI7O2nxFRzj55pLwkpCedEY+bTMgp5miZ8CxfIZo3S+gFqvA==",
			"requires": {
				"@vue/reactivity": "3.3.4",
				"@vue/shared": "3.3.4"
			}
		},
		"@vue/runtime-dom": {
			"version": "3.3.4",
			"resolved": "https://registry.npmmirror.com/@vue/runtime-dom/-/runtime-dom-3.3.4.tgz",
			"integrity": "sha512-Aj5bTJ3u5sFsUckRghsNjVTtxZQ1OyMWCr5dZRAPijF/0Vy4xEoRCwLyHXcj4D0UFbJ4lbx3gPTgg06K/GnPnQ==",
			"requires": {
				"@vue/runtime-core": "3.3.4",
				"@vue/shared": "3.3.4",
				"csstype": "^3.1.1"
			}
		},
		"@vue/server-renderer": {
			"version": "3.3.4",
			"resolved": "https://registry.npmmirror.com/@vue/server-renderer/-/server-renderer-3.3.4.tgz",
			"integrity": "sha512-Q6jDDzR23ViIb67v+vM1Dqntu+HUexQcsWKhhQa4ARVzxOY2HbC7QRW/ggkDBd5BU+uM1sV6XOAP0b216o34JQ==",
			"requires": {
				"@vue/compiler-ssr": "3.3.4",
				"@vue/shared": "3.3.4"
			}
		},
		"@vue/shared": {
			"version": "3.3.4",
			"resolved": "https://registry.npmmirror.com/@vue/shared/-/shared-3.3.4.tgz",
			"integrity": "sha512-7OjdcV8vQ74eiz1TZLzZP4JwqM5fA94K6yntPS5Z25r9HDuGNzaGdgvwKYq6S+MxwF0TFRwe50fIR/MYnakdkQ=="
		},
		"acorn": {
			"version": "8.8.2",
			"resolved": "https://registry.npmmirror.com/acorn/-/acorn-8.8.2.tgz",
			"integrity": "sha512-xjIYgE8HBrkpd/sJqOGNspf8uHG+NOHGOw6a/Urj8taM2EXfdNAH2oFcPeIFfsv3+kz/mJrS5VuMqbNLjCa2vw==",
			"dev": true
		},
		"big.js": {
			"version": "5.2.2",
			"resolved": "https://registry.npmmirror.com/big.js/-/big.js-5.2.2.tgz",
			"integrity": "sha512-vyL2OymJxmarO8gxMr0mhChsO9QGwhynfuu4+MHTAW6czfq9humCB7rKpUjDd9YUiDPU4mzpyupFSvOClAwbmQ==",
			"dev": true
		},
		"buffer-from": {
			"version": "1.1.2",
			"resolved": "https://registry.npmmirror.com/buffer-from/-/buffer-from-1.1.2.tgz",
			"integrity": "sha512-E+XQCRwSbaaiChtv6k6Dwgc+bx+Bs6vuKJHHl5kox/BaKbhiXzqQOwK4cO22yElGp2OCmjwVhT3HmxgyPGnJfQ==",
			"dev": true
		},
		"clone": {
			"version": "2.1.2",
			"resolved": "https://registry.npmmirror.com/clone/-/clone-2.1.2.tgz",
			"integrity": "sha512-3Pe/CF1Nn94hyhIYpjtiLhdCoEoz0DqQ+988E9gmeEdQZlojxnOb74wctFyuwWQHzqyf9X7C7MG8juUpqBJT8w==",
			"dev": true
		},
		"commander": {
			"version": "2.20.3",
			"resolved": "https://registry.npmmirror.com/commander/-/commander-2.20.3.tgz",
			"integrity": "sha512-GpVkmM8vF2vQUkj2LvZmD35JxeJOLCwJ9cUkugyk2nuhbv3+mJvpLYYt+0+USMxE+oj+ey/lJEnhZw75x/OMcQ==",
			"dev": true
		},
		"copy-anything": {
			"version": "2.0.6",
			"resolved": "https://registry.npmmirror.com/copy-anything/-/copy-anything-2.0.6.tgz",
			"integrity": "sha512-1j20GZTsvKNkc4BY3NpMOM8tt///wY3FpIzozTOFO2ffuZcV61nojHXVKIy3WM+7ADCy5FVhdZYHYDdgTU0yJw==",
			"dev": true,
			"requires": {
				"is-what": "^3.14.1"
			}
		},
		"csstype": {
			"version": "3.1.2",
			"resolved": "https://registry.npmmirror.com/csstype/-/csstype-3.1.2.tgz",
			"integrity": "sha512-I7K1Uu0MBPzaFKg4nI5Q7Vs2t+3gWWW648spaF+Rg7pI9ds18Ugn+lvg4SHczUdKlHI5LWBXyqfS8+DufyBsgQ=="
		},
		"emojis-list": {
			"version": "3.0.0",
			"resolved": "https://registry.npmmirror.com/emojis-list/-/emojis-list-3.0.0.tgz",
			"integrity": "sha512-/kyM18EfinwXZbno9FyUGeFh87KC8HRQBQGildHZbEuRyWFOmv1U10o9BBp8XVZDVNNuQKyIGIu5ZYAAXJ0V2Q==",
			"dev": true
		},
		"errno": {
			"version": "0.1.8",
			"resolved": "https://registry.npmmirror.com/errno/-/errno-0.1.8.tgz",
			"integrity": "sha512-dJ6oBr5SQ1VSd9qkk7ByRgb/1SH4JZjCHSW/mr63/QcXO9zLVxvJ6Oy13nio03rxpSnVDDjFor75SjVeZWPW/A==",
			"dev": true,
			"optional": true,
			"requires": {
				"prr": "~1.0.1"
			}
		},
		"esbuild": {
			"version": "0.17.19",
			"resolved": "https://registry.npmmirror.com/esbuild/-/esbuild-0.17.19.tgz",
			"integrity": "sha512-XQ0jAPFkK/u3LcVRcvVHQcTIqD6E2H1fvZMA5dQPSOWb3suUbWbfbRf94pjc0bNzRYLfIrDRQXr7X+LHIm5oHw==",
			"dev": true,
			"requires": {
				"@esbuild/android-arm": "0.17.19",
				"@esbuild/android-arm64": "0.17.19",
				"@esbuild/android-x64": "0.17.19",
				"@esbuild/darwin-arm64": "0.17.19",
				"@esbuild/darwin-x64": "0.17.19",
				"@esbuild/freebsd-arm64": "0.17.19",
				"@esbuild/freebsd-x64": "0.17.19",
				"@esbuild/linux-arm": "0.17.19",
				"@esbuild/linux-arm64": "0.17.19",
				"@esbuild/linux-ia32": "0.17.19",
				"@esbuild/linux-loong64": "0.17.19",
				"@esbuild/linux-mips64el": "0.17.19",
				"@esbuild/linux-ppc64": "0.17.19",
				"@esbuild/linux-riscv64": "0.17.19",
				"@esbuild/linux-s390x": "0.17.19",
				"@esbuild/linux-x64": "0.17.19",
				"@esbuild/netbsd-x64": "0.17.19",
				"@esbuild/openbsd-x64": "0.17.19",
				"@esbuild/sunos-x64": "0.17.19",
				"@esbuild/win32-arm64": "0.17.19",
				"@esbuild/win32-ia32": "0.17.19",
				"@esbuild/win32-x64": "0.17.19"
			}
		},
		"estree-walker": {
			"version": "2.0.2",
			"resolved": "https://registry.npmmirror.com/estree-walker/-/estree-walker-2.0.2.tgz",
			"integrity": "sha512-Rfkk/Mp/DL7JVje3u18FxFujQlTNR2q6QfMSMB7AvCBx91NGj/ba3kCfza0f6dVDbw7YlRf/nDrn7pQrCCyQ/w=="
		},
		"fsevents": {
			"version": "2.3.2",
			"resolved": "https://registry.npmmirror.com/fsevents/-/fsevents-2.3.2.tgz",
			"integrity": "sha512-xiqMQR4xAeHTuB9uWm+fFRcIOgKBMiOBP+eXiyT7jsgVCq1bkVygt00oASowB7EdtpOHaaPgKt812P9ab+DDKA==",
			"dev": true,
			"optional": true
		},
		"graceful-fs": {
			"version": "4.2.11",
			"resolved": "https://registry.npmmirror.com/graceful-fs/-/graceful-fs-4.2.11.tgz",
			"integrity": "sha512-RbJ5/jmFcNNCcDV5o9eTnBLJ/HszWV0P73bc+Ff4nS/rJj+YaS6IGyiOL0VoBYX+l1Wrl3k63h/KrH+nhJ0XvQ==",
			"dev": true,
			"optional": true
		},
		"image-size": {
			"version": "0.5.5",
			"resolved": "https://registry.npmmirror.com/image-size/-/image-size-0.5.5.tgz",
			"integrity": "sha512-6TDAlDPZxUFCv+fuOkIoXT/V/f3Qbq8e37p+YOiYrUv3v9cc3/6x78VdfPgFVaB9dZYeLUfKgHRebpkm/oP2VQ==",
			"dev": true,
			"optional": true
		},
		"is-what": {
			"version": "3.14.1",
			"resolved": "https://registry.npmmirror.com/is-what/-/is-what-3.14.1.tgz",
			"integrity": "sha512-sNxgpk9793nzSs7bA6JQJGeIuRBQhAaNGG77kzYQgMkrID+lS6SlK07K5LaptscDlSaIgH+GPFzf+d75FVxozA==",
			"dev": true
		},
		"json5": {
			"version": "1.0.2",
			"resolved": "https://registry.npmmirror.com/json5/-/json5-1.0.2.tgz",
			"integrity": "sha512-g1MWMLBiz8FKi1e4w0UyVL3w+iJceWAFBAaBnnGKOpNa5f8TLktkbre1+s6oICydWAm+HRUGTmI+//xv2hvXYA==",
			"dev": true,
			"requires": {
				"minimist": "^1.2.0"
			}
		},
		"less": {
			"version": "3.13.1",
			"resolved": "https://registry.npmmirror.com/less/-/less-3.13.1.tgz",
			"integrity": "sha512-SwA1aQXGUvp+P5XdZslUOhhLnClSLIjWvJhmd+Vgib5BFIr9lMNlQwmwUNOjXThF/A0x+MCYYPeWEfeWiLRnTw==",
			"dev": true,
			"requires": {
				"copy-anything": "^2.0.1",
				"errno": "^0.1.1",
				"graceful-fs": "^4.1.2",
				"image-size": "~0.5.0",
				"make-dir": "^2.1.0",
				"mime": "^1.4.1",
				"native-request": "^1.0.5",
				"source-map": "~0.6.0",
				"tslib": "^1.10.0"
			}
		},
		"less-loader": {
			"version": "5.0.0",
			"resolved": "https://registry.npmmirror.com/less-loader/-/less-loader-5.0.0.tgz",
			"integrity": "sha512-bquCU89mO/yWLaUq0Clk7qCsKhsF/TZpJUzETRvJa9KSVEL9SO3ovCvdEHISBhrC81OwC8QSVX7E0bzElZj9cg==",
			"dev": true,
			"requires": {
				"clone": "^2.1.1",
				"loader-utils": "^1.1.0",
				"pify": "^4.0.1"
			}
		},
		"loader-utils": {
			"version": "1.4.2",
			"resolved": "https://registry.npmmirror.com/loader-utils/-/loader-utils-1.4.2.tgz",
			"integrity": "sha512-I5d00Pd/jwMD2QCduo657+YM/6L3KZu++pmX9VFncxaxvHcru9jx1lBaFft+r4Mt2jK0Yhp41XlRAihzPxHNCg==",
			"dev": true,
			"requires": {
				"big.js": "^5.2.2",
				"emojis-list": "^3.0.0",
				"json5": "^1.0.1"
			}
		},
		"magic-string": {
			"version": "0.30.0",
			"resolved": "https://registry.npmmirror.com/magic-string/-/magic-string-0.30.0.tgz",
			"integrity": "sha512-LA+31JYDJLs82r2ScLrlz1GjSgu66ZV518eyWT+S8VhyQn/JL0u9MeBOvQMGYiPk1DBiSN9DDMOcXvigJZaViQ==",
			"requires": {
				"@jridgewell/sourcemap-codec": "^1.4.13"
			}
		},
		"make-dir": {
			"version": "2.1.0",
			"resolved": "https://registry.npmmirror.com/make-dir/-/make-dir-2.1.0.tgz",
			"integrity": "sha512-LS9X+dc8KLxXCb8dni79fLIIUA5VyZoyjSMCwTluaXA0o27cCK0bhXkpgw+sTXVpPy/lSO57ilRixqk0vDmtRA==",
			"dev": true,
			"optional": true,
			"requires": {
				"pify": "^4.0.1",
				"semver": "^5.6.0"
			}
		},
		"mime": {
			"version": "1.6.0",
			"resolved": "https://registry.npmmirror.com/mime/-/mime-1.6.0.tgz",
			"integrity": "sha512-x0Vn8spI+wuJ1O6S7gnbaQg8Pxh4NNHb7KSINmEWKiPE4RKOplvijn+NkmYmmRgP68mc70j2EbeTFRsrswaQeg==",
			"dev": true,
			"optional": true
		},
		"minimist": {
			"version": "1.2.8",
			"resolved": "https://registry.npmmirror.com/minimist/-/minimist-1.2.8.tgz",
			"integrity": "sha512-2yyAR8qBkN3YuheJanUpWC5U3bb5osDywNB8RzDVlDwDHbocAJveqqj1u8+SVD7jkWT4yvsHCpWqqWqAxb0zCA==",
			"dev": true
		},
		"nanoid": {
			"version": "3.3.6",
			"resolved": "https://registry.npmmirror.com/nanoid/-/nanoid-3.3.6.tgz",
			"integrity": "sha512-BGcqMMJuToF7i1rt+2PWSNVnWIkGCU78jBG3RxO/bZlnZPK2Cmi2QaffxGO/2RvWi9sL+FAiRiXMgsyxQ1DIDA=="
		},
		"native-request": {
			"version": "1.1.0",
			"resolved": "https://registry.npmmirror.com/native-request/-/native-request-1.1.0.tgz",
			"integrity": "sha512-uZ5rQaeRn15XmpgE0xoPL8YWqcX90VtCFglYwAgkvKM5e8fog+vePLAhHxuuv/gRkrQxIeh5U3q9sMNUrENqWw==",
			"dev": true,
			"optional": true
		},
		"picocolors": {
			"version": "1.0.0",
			"resolved": "https://registry.npmmirror.com/picocolors/-/picocolors-1.0.0.tgz",
			"integrity": "sha512-1fygroTLlHu66zi26VoTDv8yRgm0Fccecssto+MhsZ0D/DGW2sm8E8AjW7NU5VVTRt5GxbeZ5qBuJr+HyLYkjQ=="
		},
		"pify": {
			"version": "4.0.1",
			"resolved": "https://registry.npmmirror.com/pify/-/pify-4.0.1.tgz",
			"integrity": "sha512-uB80kBFb/tfd68bVleG9T5GGsGPjJrLAUpR5PZIrhBnIaRTQRjqdJSsIKkOP6OAIFbj7GOrcudc5pNjZ+geV2g==",
			"dev": true
		},
		"postcss": {
			"version": "8.4.24",
			"resolved": "https://registry.npmmirror.com/postcss/-/postcss-8.4.24.tgz",
			"integrity": "sha512-M0RzbcI0sO/XJNucsGjvWU9ERWxb/ytp1w6dKtxTKgixdtQDq4rmx/g8W1hnaheq9jgwL/oyEdH5Bc4WwJKMqg==",
			"requires": {
				"nanoid": "^3.3.6",
				"picocolors": "^1.0.0",
				"source-map-js": "^1.0.2"
			}
		},
		"prr": {
			"version": "1.0.1",
			"resolved": "https://registry.npmmirror.com/prr/-/prr-1.0.1.tgz",
			"integrity": "sha512-yPw4Sng1gWghHQWj0B3ZggWUm4qVbPwPFcRG8KyxiU7J2OHFSoEHKS+EZ3fv5l1t9CyCiop6l/ZYeWbrgoQejw==",
			"dev": true,
			"optional": true
		},
		"rollup": {
			"version": "3.23.0",
			"resolved": "https://registry.npmmirror.com/rollup/-/rollup-3.23.0.tgz",
			"integrity": "sha512-h31UlwEi7FHihLe1zbk+3Q7z1k/84rb9BSwmBSr/XjOCEaBJ2YyedQDuM0t/kfOS0IxM+vk1/zI9XxYj9V+NJQ==",
			"dev": true,
			"requires": {
				"fsevents": "~2.3.2"
			}
		},
		"semver": {
			"version": "5.7.1",
			"resolved": "https://registry.npmmirror.com/semver/-/semver-5.7.1.tgz",
			"integrity": "sha512-sauaDf/PZdVgrLTNYHRtpXa1iRiKcaebiKQ1BJdpQlWH2lCvexQdX55snPFyK7QzpudqbCI0qXFfOasHdyNDGQ==",
			"dev": true,
			"optional": true
		},
		"source-map": {
			"version": "0.6.1",
			"resolved": "https://registry.npmmirror.com/source-map/-/source-map-0.6.1.tgz",
			"integrity": "sha512-UjgapumWlbMhkBgzT7Ykc5YXUT46F0iKu8SGXq0bcwP5dz/h0Plj6enJqjz1Zbq2l5WaqYnrVbwWOWMyF3F47g==",
			"dev": true
		},
		"source-map-js": {
			"version": "1.0.2",
			"resolved": "https://registry.npmmirror.com/source-map-js/-/source-map-js-1.0.2.tgz",
			"integrity": "sha512-R0XvVJ9WusLiqTCEiGCmICCMplcCkIwwR11mOSD9CR5u+IXYdiseeEuXCVAjS54zqwkLcPNnmU4OeJ6tUrWhDw=="
		},
		"source-map-support": {
			"version": "0.5.21",
			"resolved": "https://registry.npmmirror.com/source-map-support/-/source-map-support-0.5.21.tgz",
			"integrity": "sha512-uBHU3L3czsIyYXKX88fdrGovxdSCoTGDRZ6SYXtSRxLZUzHg5P/66Ht6uoUlHu9EZod+inXhKo3qQgwXUT/y1w==",
			"dev": true,
			"requires": {
				"buffer-from": "^1.0.0",
				"source-map": "^0.6.0"
			}
		},
		"terser": {
			"version": "5.17.6",
			"resolved": "https://registry.npmmirror.com/terser/-/terser-5.17.6.tgz",
			"integrity": "sha512-V8QHcs8YuyLkLHsJO5ucyff1ykrLVsR4dNnS//L5Y3NiSXpbK1J+WMVUs67eI0KTxs9JtHhgEQpXQVHlHI92DQ==",
			"dev": true,
			"requires": {
				"@jridgewell/source-map": "^0.3.2",
				"acorn": "^8.5.0",
				"commander": "^2.20.0",
				"source-map-support": "~0.5.20"
			}
		},
		"tslib": {
			"version": "1.14.1",
			"resolved": "https://registry.npmmirror.com/tslib/-/tslib-1.14.1.tgz",
			"integrity": "sha512-Xni35NKzjgMrwevysHTCArtLDpPvye8zV/0E4EyYn43P7/7qvQwPh9BGkHewbMulVntbigmcT7rdX3BNo9wRJg==",
			"dev": true
		},
		"vite": {
			"version": "4.3.9",
			"resolved": "https://registry.npmmirror.com/vite/-/vite-4.3.9.tgz",
			"integrity": "sha512-qsTNZjO9NoJNW7KnOrgYwczm0WctJ8m/yqYAMAK9Lxt4SoySUfS5S8ia9K7JHpa3KEeMfyF8LoJ3c5NeBJy6pg==",
			"dev": true,
			"requires": {
				"esbuild": "^0.17.5",
				"fsevents": "~2.3.2",
				"postcss": "^8.4.23",
				"rollup": "^3.21.0"
			}
		},
		"vue": {
			"version": "3.3.4",
			"resolved": "https://registry.npmmirror.com/vue/-/vue-3.3.4.tgz",
			"integrity": "sha512-VTyEYn3yvIeY1Py0WaYGZsXnz3y5UnGi62GjVEqvEGPl6nxbOrCXbVOTQWBEJUqAyTUk2uJ5JLVnYJ6ZzGbrSw==",
			"requires": {
				"@vue/compiler-dom": "3.3.4",
				"@vue/compiler-sfc": "3.3.4",
				"@vue/runtime-dom": "3.3.4",
				"@vue/server-renderer": "3.3.4",
				"@vue/shared": "3.3.4"
			}
		}
	}
}
